<?xml version="1.0" encoding="utf-8"?>
<Project ToolsVersion="4.0" xmlns="http://schemas.microsoft.com/developer/msbuild/2003">
  <ItemGroup>
    <Filter Include="Header Files">
      <UniqueIdentifier>{93995380-89BD-4b04-88EB-625FBE52EBFB}</UniqueIdentifier>
      <Extensions>h;hh;hpp;hxx;h++;hm;inl;inc;ipp;xsd</Extensions>
    </Filter>
    <Filter Include="Player">
      <UniqueIdentifier>{67d6ad1b-db31-48af-9cc5-b4284a690603}</UniqueIdentifier>
    </Filter>
    <Filter Include="EntityManager">
      <UniqueIdentifier>{ab45114b-71ae-4284-8c5f-c86f50004608}</UniqueIdentifier>
    </Filter>
    <Filter Include="MemManager">
      <UniqueIdentifier>{b845744b-2dec-4aae-8595-e548de878e59}</UniqueIdentifier>
    </Filter>
    <Filter Include="main">
      <UniqueIdentifier>{4FC737F1-C7A5-4376-A066-2A32D752A2FF}</UniqueIdentifier>
      <Extensions>cpp;c;cc;cxx;c++;cppm;ixx;def;odl;idl;hpj;bat;asm;asmx</Extensions>
    </Filter>
    <Filter Include="Aimbot">
      <UniqueIdentifier>{ddb542a8-8dc4-486a-aa52-a6da9fe0f5d1}</UniqueIdentifier>
    </Filter>
    <Filter Include="Target">
      <UniqueIdentifier>{291debe0-6e54-4bb4-b42d-0f30af8722db}</UniqueIdentifier>
    </Filter>
  </ItemGroup>
  <ItemGroup>
    <ClInclude Include="Player.h">
      <Filter>Player</Filter>
    </ClInclude>
    <ClInclude Include="header.h">
      <Filter>Header Files</Filter>
    </ClInclude>
    <ClInclude Include="EntityManager.h">
      <Filter>EntityManager</Filter>
    </ClInclude>
    <ClInclude Include="MemManager.h">
      <Filter>MemManager</Filter>
    </ClInclude>
    <ClInclude Include="Aimbot.h">
      <Filter>Aimbot</Filter>
    </ClInclude>
    <ClInclude Include="Target.h">
      <Filter>Target</Filter>
    </ClInclude>
  </ItemGroup>
  <ItemGroup>
    <ClCompile Include="dllmain.cpp">
      <Filter>main</Filter>
    </ClCompile>
    <ClCompile Include="Player.cpp">
      <Filter>Player</Filter>
    </ClCompile>
    <ClCompile Include="EntityManager.cpp">
      <Filter>EntityManager</Filter>
    </ClCompile>
    <ClCompile Include="MemManager.cpp">
      <Filter>MemManager</Filter>
    </ClCompile>
    <ClCompile Include="Aimbot.cpp">
      <Filter>Aimbot</Filter>
    </ClCompile>
    <ClCompile Include="Target.cpp">
      <Filter>Target</Filter>
    </ClCompile>
  </ItemGroup>
</Project>